// !$*UTF8*$!
{
	archiveVersion = 1;
	classes = {
	};
	objectVersion = 50;
	objects = {

/* Begin PBXBuildFile section */
		253C6D2922D4F83D00FF690C /* BSICaptureSession.m in Sources */ = {isa = PBXBuildFile; fileRef = 253C6D2822D4F83D00FF690C /* BSICaptureSession.m */; };
		2543B7FE22C2C874008DC421 /* main.m in Sources */ = {isa = PBXBuildFile; fileRef = 2543B7FD22C2C874008DC421 /* main.m */; };
		2543B80622C2C9CB008DC421 /* BSIMain.m in Sources */ = {isa = PBXBuildFile; fileRef = 2543B80522C2C9CB008DC421 /* BSIMain.m */; };
		2543B82D22C2FDFA008DC421 /* BSIWebServer.m in Sources */ = {isa = PBXBuildFile; fileRef = 2543B82C22C2FDFA008DC421 /* BSIWebServer.m */; };
		2543B83222C3041D008DC421 /* GCDWebServers.framework in Frameworks */ = {isa = PBXBuildFile; fileRef = 2543B83122C3041D008DC421 /* GCDWebServers.framework */; };
		2543B83722C3C840008DC421 /* GCDWebServers.framework in CopyFiles */ = {isa = PBXBuildFile; fileRef = 2543B83122C3041D008DC421 /* GCDWebServers.framework */; settings = {ATTRIBUTES = (CodeSignOnCopy, RemoveHeadersOnCopy, ); }; };
		25BD150D22D90E460097DE12 /* BSIWebClient.m in Sources */ = {isa = PBXBuildFile; fileRef = 25BD150C22D90E460097DE12 /* BSIWebClient.m */; };
		25BD151222D911A30097DE12 /* libSocketRocketMac.a in Frameworks */ = {isa = PBXBuildFile; fileRef = 25BD151122D911A30097DE12 /* libSocketRocketMac.a */; };
/* End PBXBuildFile section */

/* Begin PBXCopyFilesBuildPhase section */
		2543B7F822C2C874008DC421 /* CopyFiles */ = {
			isa = PBXCopyFilesBuildPhase;
			buildActionMask = 12;
			dstPath = Frameworks;
			dstSubfolderSpec = 10;
			files = (
				2543B83722C3C840008DC421 /* GCDWebServers.framework in CopyFiles */,
			);
			runOnlyForDeploymentPostprocessing = 0;
		};
/* End PBXCopyFilesBuildPhase section */

/* Begin PBXFileReference section */
		253C6D2722D4F83D00FF690C /* BSICaptureSession.h */ = {isa = PBXFileReference; lastKnownFileType = sourcecode.c.h; path = BSICaptureSession.h; sourceTree = "<group>"; };
		253C6D2822D4F83D00FF690C /* BSICaptureSession.m */ = {isa = PBXFileReference; lastKnownFileType = sourcecode.c.objc; path = BSICaptureSession.m; sourceTree = "<group>"; };
		2543B7FA22C2C874008DC421 /* iosctl */ = {isa = PBXFileReference; explicitFileType = "compiled.mach-o.executable"; includeInIndex = 0; path = iosctl; sourceTree = BUILT_PRODUCTS_DIR; };
		2543B7FD22C2C874008DC421 /* main.m */ = {isa = PBXFileReference; lastKnownFileType = sourcecode.c.objc; path = main.m; sourceTree = "<group>"; };
		2543B80422C2C9CB008DC421 /* BSIMain.h */ = {isa = PBXFileReference; lastKnownFileType = sourcecode.c.h; path = BSIMain.h; sourceTree = "<group>"; };
		2543B80522C2C9CB008DC421 /* BSIMain.m */ = {isa = PBXFileReference; lastKnownFileType = sourcecode.c.objc; path = BSIMain.m; sourceTree = "<group>"; };
		2543B82B22C2FDFA008DC421 /* BSIWebServer.h */ = {isa = PBXFileReference; lastKnownFileType = sourcecode.c.h; path = BSIWebServer.h; sourceTree = "<group>"; };
		2543B82C22C2FDFA008DC421 /* BSIWebServer.m */ = {isa = PBXFileReference; lastKnownFileType = sourcecode.c.objc; path = BSIWebServer.m; sourceTree = "<group>"; };
		2543B83122C3041D008DC421 /* GCDWebServers.framework */ = {isa = PBXFileReference; lastKnownFileType = wrapper.framework; path = GCDWebServers.framework; sourceTree = "<group>"; };
		255ACA7A22D51E4E00F1A2BB /* Info.plist */ = {isa = PBXFileReference; lastKnownFileType = text.plist.xml; path = Info.plist; sourceTree = "<group>"; };
		25BD150B22D90E460097DE12 /* BSIWebClient.h */ = {isa = PBXFileReference; lastKnownFileType = sourcecode.c.h; path = BSIWebClient.h; sourceTree = "<group>"; };
		25BD150C22D90E460097DE12 /* BSIWebClient.m */ = {isa = PBXFileReference; lastKnownFileType = sourcecode.c.objc; path = BSIWebClient.m; sourceTree = "<group>"; };
		25BD150E22D910780097DE12 /* libSocketRocket.a */ = {isa = PBXFileReference; lastKnownFileType = archive.ar; name = libSocketRocket.a; path = ../../lockit/lockit/SocketRocket/libSocketRocket.a; sourceTree = "<group>"; };
		25BD151022D911780097DE12 /* SocketRocket */ = {isa = PBXFileReference; lastKnownFileType = folder; path = SocketRocket; sourceTree = "<group>"; };
		25BD151122D911A30097DE12 /* libSocketRocketMac.a */ = {isa = PBXFileReference; lastKnownFileType = archive.ar; name = libSocketRocketMac.a; path = iosctl/SocketRocket/libSocketRocketMac.a; sourceTree = "<group>"; };
/* End PBXFileReference section */

/* Begin PBXFrameworksBuildPhase section */
		2543B7F722C2C874008DC421 /* Frameworks */ = {
			isa = PBXFrameworksBuildPhase;
			buildActionMask = 2147483647;
			files = (
				25BD151222D911A30097DE12 /* libSocketRocketMac.a in Frameworks */,
				2543B83222C3041D008DC421 /* GCDWebServers.framework in Frameworks */,
			);
			runOnlyForDeploymentPostprocessing = 0;
		};
/* End PBXFrameworksBuildPhase section */

/* Begin PBXGroup section */
		2543B7F122C2C874008DC421 = {
			isa = PBXGroup;
			children = (
				2543B7FC22C2C874008DC421 /* iosctl */,
				2543B7FB22C2C874008DC421 /* Products */,
				2543B82E22C2FFAA008DC421 /* Frameworks */,
			);
			sourceTree = "<group>";
		};
		2543B7FB22C2C874008DC421 /* Products */ = {
			isa = PBXGroup;
			children = (
				2543B7FA22C2C874008DC421 /* iosctl */,
			);
			name = Products;
			sourceTree = "<group>";
		};
		2543B7FC22C2C874008DC421 /* iosctl */ = {
			isa = PBXGroup;
			children = (
				253C6D2722D4F83D00FF690C /* BSICaptureSession.h */,
				253C6D2822D4F83D00FF690C /* BSICaptureSession.m */,
				2543B80422C2C9CB008DC421 /* BSIMain.h */,
				2543B80522C2C9CB008DC421 /* BSIMain.m */,
				25BD150B22D90E460097DE12 /* BSIWebClient.h */,
				25BD150C22D90E460097DE12 /* BSIWebClient.m */,
				2543B82B22C2FDFA008DC421 /* BSIWebServer.h */,
				2543B82C22C2FDFA008DC421 /* BSIWebServer.m */,
				255ACA7A22D51E4E00F1A2BB /* Info.plist */,
				2543B7FD22C2C874008DC421 /* main.m */,
				25BD151022D911780097DE12 /* SocketRocket */,
			);
			path = iosctl;
			sourceTree = "<group>";
		};
		2543B82E22C2FFAA008DC421 /* Frameworks */ = {
			isa = PBXGroup;
			children = (
				2543B83122C3041D008DC421 /* GCDWebServers.framework */,
				25BD151122D911A30097DE12 /* libSocketRocketMac.a */,
				25BD150E22D910780097DE12 /* libSocketRocket.a */,
			);
			name = Frameworks;
			sourceTree = "<group>";
		};
/* End PBXGroup section */

/* Begin PBXNativeTarget section */
		2543B7F922C2C874008DC421 /* iosctl */ = {
			isa = PBXNativeTarget;
			buildConfigurationList = 2543B80122C2C874008DC421 /* Build configuration list for PBXNativeTarget "iosctl" */;
			buildPhases = (
				2543B7F622C2C874008DC421 /* Sources */,
				2543B7F722C2C874008DC421 /* Frameworks */,
				2543B7F822C2C874008DC421 /* CopyFiles */,
			);
			buildRules = (
			);
			dependencies = (
			);
			name = iosctl;
			productName = iosctl;
			productReference = 2543B7FA22C2C874008DC421 /* iosctl */;
			productType = "com.apple.product-type.tool";
		};
/* End PBXNativeTarget section */

/* Begin PBXProject section */
		2543B7F222C2C874008DC421 /* Project object */ = {
			isa = PBXProject;
			attributes = {
				LastUpgradeCheck = 1020;
				ORGANIZATIONNAME = "Suman Cherukuri";
				TargetAttributes = {
					2543B7F922C2C874008DC421 = {
						CreatedOnToolsVersion = 10.2.1;
					};
				};
			};
			buildConfigurationList = 2543B7F522C2C874008DC421 /* Build configuration list for PBXProject "iosctl" */;
			compatibilityVersion = "Xcode 9.3";
			developmentRegion = en;
			hasScannedForEncodings = 0;
			knownRegions = (
				en,
			);
			mainGroup = 2543B7F122C2C874008DC421;
			productRefGroup = 2543B7FB22C2C874008DC421 /* Products */;
			projectDirPath = "";
			projectRoot = "";
			targets = (
				2543B7F922C2C874008DC421 /* iosctl */,
			);
		};
/* End PBXProject section */

/* Begin PBXSourcesBuildPhase section */
		2543B7F622C2C874008DC421 /* Sources */ = {
			isa = PBXSourcesBuildPhase;
			buildActionMask = 2147483647;
			files = (
				253C6D2922D4F83D00FF690C /* BSICaptureSession.m in Sources */,
				2543B7FE22C2C874008DC421 /* main.m in Sources */,
				25BD150D22D90E460097DE12 /* BSIWebClient.m in Sources */,
				2543B82D22C2FDFA008DC421 /* BSIWebServer.m in Sources */,
				2543B80622C2C9CB008DC421 /* BSIMain.m in Sources */,
			);
			runOnlyForDeploymentPostprocessing = 0;
		};
/* End PBXSourcesBuildPhase section */

/* Begin XCBuildConfiguration section */
		2543B7FF22C2C874008DC421 /* Debug */ = {
			isa = XCBuildConfiguration;
			buildSettings = {
				ALWAYS_SEARCH_USER_PATHS = NO;
				CLANG_ANALYZER_NONNULL = YES;
				CLANG_ANALYZER_NUMBER_OBJECT_CONVERSION = YES_AGGRESSIVE;
				CLANG_CXX_LANGUAGE_STANDARD = "gnu++14";
				CLANG_CXX_LIBRARY = "libc++";
				CLANG_ENABLE_MODULES = YES;
				CLANG_ENABLE_OBJC_ARC = YES;
				CLANG_ENABLE_OBJC_WEAK = YES;
				CLANG_WARN_BLOCK_CAPTURE_AUTORELEASING = YES;
				CLANG_WARN_BOOL_CONVERSION = YES;
				CLANG_WARN_COMMA = YES;
				CLANG_WARN_CONSTANT_CONVERSION = YES;
				CLANG_WARN_DEPRECATED_OBJC_IMPLEMENTATIONS = YES;
				CLANG_WARN_DIRECT_OBJC_ISA_USAGE = YES_ERROR;
				CLANG_WARN_DOCUMENTATION_COMMENTS = YES;
				CLANG_WARN_EMPTY_BODY = YES;
				CLANG_WARN_ENUM_CONVERSION = YES;
				CLANG_WARN_INFINITE_RECURSION = YES;
				CLANG_WARN_INT_CONVERSION = YES;
				CLANG_WARN_NON_LITERAL_NULL_CONVERSION = YES;
				CLANG_WARN_OBJC_IMPLICIT_RETAIN_SELF = YES;
				CLANG_WARN_OBJC_LITERAL_CONVERSION = YES;
				CLANG_WARN_OBJC_ROOT_CLASS = YES_ERROR;
				CLANG_WARN_RANGE_LOOP_ANALYSIS = YES;
				CLANG_WARN_STRICT_PROTOTYPES = YES;
				CLANG_WARN_SUSPICIOUS_MOVE = YES;
				CLANG_WARN_UNGUARDED_AVAILABILITY = YES_AGGRESSIVE;
				CLANG_WARN_UNREACHABLE_CODE = YES;
				CLANG_WARN__DUPLICATE_METHOD_MATCH = YES;
				CODE_SIGN_IDENTITY = "Mac Developer";
				COPY_PHASE_STRIP = NO;
				CREATE_INFOPLIST_SECTION_IN_BINARY = YES;
				DEBUG_INFORMATION_FORMAT = dwarf;
				ENABLE_STRICT_OBJC_MSGSEND = YES;
				ENABLE_TESTABILITY = YES;
				GCC_C_LANGUAGE_STANDARD = gnu11;
				GCC_DYNAMIC_NO_PIC = NO;
				GCC_NO_COMMON_BLOCKS = YES;
				GCC_OPTIMIZATION_LEVEL = 0;
				GCC_PREPROCESSOR_DEFINITIONS = (
					"DEBUG=1",
					"$(inherited)",
				);
				GCC_WARN_64_TO_32_BIT_CONVERSION = YES;
				GCC_WARN_ABOUT_RETURN_TYPE = YES_ERROR;
				GCC_WARN_UNDECLARED_SELECTOR = YES;
				GCC_WARN_UNINITIALIZED_AUTOS = YES_AGGRESSIVE;
				GCC_WARN_UNUSED_FUNCTION = YES;
				GCC_WARN_UNUSED_VARIABLE = YES;
				INFOPLIST_FILE = /Users/sumancherukuri/Projects/github/iosctl/iosctl/Info.plist;
				MACOSX_DEPLOYMENT_TARGET = 10.14;
				MTL_ENABLE_DEBUG_INFO = INCLUDE_SOURCE;
				MTL_FAST_MATH = YES;
				ONLY_ACTIVE_ARCH = YES;
				SDKROOT = macosx;
			};
			name = Debug;
		};
		2543B80022C2C874008DC421 /* Release */ = {
			isa = XCBuildConfiguration;
			buildSettings = {
				ALWAYS_SEARCH_USER_PATHS = NO;
				CLANG_ANALYZER_NONNULL = YES;
				CLANG_ANALYZER_NUMBER_OBJECT_CONVERSION = YES_AGGRESSIVE;
				CLANG_CXX_LANGUAGE_STANDARD = "gnu++14";
				CLANG_CXX_LIBRARY = "libc++";
				CLANG_ENABLE_MODULES = YES;
				CLANG_ENABLE_OBJC_ARC = YES;
				CLANG_ENABLE_OBJC_WEAK = YES;
				CLANG_WARN_BLOCK_CAPTURE_AUTORELEASING = YES;
				CLANG_WARN_BOOL_CONVERSION = YES;
				CLANG_WARN_COMMA = YES;
				CLANG_WARN_CONSTANT_CONVERSION = YES;
				CLANG_WARN_DEPRECATED_OBJC_IMPLEMENTATIONS = YES;
				CLANG_WARN_DIRECT_OBJC_ISA_USAGE = YES_ERROR;
				CLANG_WARN_DOCUMENTATION_COMMENTS = YES;
				CLANG_WARN_EMPTY_BODY = YES;
				CLANG_WARN_ENUM_CONVERSION = YES;
				CLANG_WARN_INFINITE_RECURSION = YES;
				CLANG_WARN_INT_CONVERSION = YES;
				CLANG_WARN_NON_LITERAL_NULL_CONVERSION = YES;
				CLANG_WARN_OBJC_IMPLICIT_RETAIN_SELF = YES;
				CLANG_WARN_OBJC_LITERAL_CONVERSION = YES;
				CLANG_WARN_OBJC_ROOT_CLASS = YES_ERROR;
				CLANG_WARN_RANGE_LOOP_ANALYSIS = YES;
				CLANG_WARN_STRICT_PROTOTYPES = YES;
				CLANG_WARN_SUSPICIOUS_MOVE = YES;
				CLANG_WARN_UNGUARDED_AVAILABILITY = YES_AGGRESSIVE;
				CLANG_WARN_UNREACHABLE_CODE = YES;
				CLANG_WARN__DUPLICATE_METHOD_MATCH = YES;
				CODE_SIGN_IDENTITY = "Mac Developer";
				COPY_PHASE_STRIP = NO;
				CREATE_INFOPLIST_SECTION_IN_BINARY = YES;
				DEBUG_INFORMATION_FORMAT = "dwarf-with-dsym";
				ENABLE_NS_ASSERTIONS = NO;
				ENABLE_STRICT_OBJC_MSGSEND = YES;
				GCC_C_LANGUAGE_STANDARD = gnu11;
				GCC_NO_COMMON_BLOCKS = YES;
				GCC_WARN_64_TO_32_BIT_CONVERSION = YES;
				GCC_WARN_ABOUT_RETURN_TYPE = YES_ERROR;
				GCC_WARN_UNDECLARED_SELECTOR = YES;
				GCC_WARN_UNINITIALIZED_AUTOS = YES_AGGRESSIVE;
				GCC_WARN_UNUSED_FUNCTION = YES;
				GCC_WARN_UNUSED_VARIABLE = YES;
				INFOPLIST_FILE = /Users/sumancherukuri/Projects/github/iosctl/iosctl/Info.plist;
				MACOSX_DEPLOYMENT_TARGET = 10.14;
				MTL_ENABLE_DEBUG_INFO = NO;
				MTL_FAST_MATH = YES;
				SDKROOT = macosx;
			};
			name = Release;
		};
		2543B80222C2C874008DC421 /* Debug */ = {
			isa = XCBuildConfiguration;
			buildSettings = {
				CODE_SIGN_STYLE = Automatic;
				CREATE_INFOPLIST_SECTION_IN_BINARY = YES;
				DEVELOPMENT_TEAM = U96363L4E2;
				FRAMEWORK_SEARCH_PATHS = (
					"$(inherited)",
					"$(PROJECT_DIR)",
				);
				HEADER_SEARCH_PATHS = (
					"\"$(SRCROOT)/GCDWebServers.framework/Headers\"",
					"\"$(SRCROOT)/../../lockit/lockit/SocketRocket/include\"",
				);
				INFOPLIST_FILE = /Users/sumancherukuri/Projects/github/iosctl/iosctl/Info.plist;
				LD_RUNPATH_SEARCH_PATHS = "@executable_path/Frameworks";
				LIBRARY_SEARCH_PATHS = (
					"$(inherited)",
					"$(PROJECT_DIR)/iosctl/SocketRocket",
				);
				PRODUCT_NAME = "$(TARGET_NAME)";
			};
			name = Debug;
		};
		2543B80322C2C874008DC421 /* Release */ = {
			isa = XCBuildConfiguration;
			buildSettings = {
				CODE_SIGN_STYLE = Automatic;
				CREATE_INFOPLIST_SECTION_IN_BINARY = YES;
				DEVELOPMENT_TEAM = U96363L4E2;
				FRAMEWORK_SEARCH_PATHS = (
					"$(inherited)",
					"$(PROJECT_DIR)",
				);
				HEADER_SEARCH_PATHS = (
					"\"$(SRCROOT)/GCDWebServers.framework/Headers\"",
					"\"$(SRCROOT)/../../lockit/lockit/SocketRocket/include\"",
				);
				INFOPLIST_FILE = /Users/sumancherukuri/Projects/github/iosctl/iosctl/Info.plist;
				LD_RUNPATH_SEARCH_PATHS = "@executable_path/Frameworks";
				LIBRARY_SEARCH_PATHS = (
					"$(inherited)",
					"$(PROJECT_DIR)/iosctl/SocketRocket",
				);
				PRODUCT_NAME = "$(TARGET_NAME)";
			};
			name = Release;
		};
/* End XCBuildConfiguration section */

/* Begin XCConfigurationList section */
		2543B7F522C2C874008DC421 /* Build configuration list for PBXProject "iosctl" */ = {
			isa = XCConfigurationList;
			buildConfigurations = (
				2543B7FF22C2C874008DC421 /* Debug */,
				2543B80022C2C874008DC421 /* Release */,
			);
			defaultConfigurationIsVisible = 0;
			defaultConfigurationName = Release;
		};
		2543B80122C2C874008DC421 /* Build configuration list for PBXNativeTarget "iosctl" */ = {
			isa = XCConfigurationList;
			buildConfigurations = (
				2543B80222C2C874008DC421 /* Debug */,
				2543B80322C2C874008DC421 /* Release */,
			);
			defaultConfigurationIsVisible = 0;
			defaultConfigurationName = Release;
		};
/* End XCConfigurationList section */
	};
	rootObject = 2543B7F222C2C874008DC421 /* Project object */;
}
